# This file is automatically @generated by Cargo.
# It is not intended for manual editing.
version = 4

[[package]]
name = "qppocr"
version = "0.1.0"
dependencies = [
 "qppocr-core",
]

[[package]]
name = "qppocr-cli"
version = "0.1.0"
dependencies = [
 "qppocr",
]

[[package]]
name = "qppocr-core"
version = "0.1.0"
dependencies = [
 "qppocr-kernels",
]

[[package]]
name = "qppocr-kernels"
version = "0.1.0"
